
Microsoft Visual Studio Solution File, Format Version 12.00
# Visual Studio Version 16
VisualStudioVersion = 16.0.29728.190
MinimumVisualStudioVersion = 10.0.40219.1
Project("{FAE04EC0-301F-11D3-BF4B-00C04F79EFBC}") = "WikiHeroApp.Android", "WikiHeroApp\WikiHeroApp.Android\WikiHeroApp.Android.csproj", "{01EC629F-DCCD-42B8-A70C-089D2E7AE6EB}"
EndProject
Project("{FAE04EC0-301F-11D3-BF4B-00C04F79EFBC}") = "WikiHeroApp.iOS", "WikiHeroApp\WikiHeroApp.iOS\WikiHeroApp.iOS.csproj", "{B6E966A5-3909-412E-BE32-E5C96F816AC5}"
EndProject
Project("{FAE04EC0-301F-11D3-BF4B-00C04F79EFBC}") = "WikiHeroApp", "WikiHeroApp\WikiHeroApp\WikiHeroApp.csproj", "{8EED76FC-256B-450B-9CFE-921FC542FD99}"
EndProject
Global
	GlobalSection(SolutionConfigurationPlatforms) = preSolution
		Debug|Any CPU = Debug|Any CPU
		Debug|iPhone = Debug|iPhone
		Debug|iPhoneSimulator = Debug|iPhoneSimulator
		Release|Any CPU = Release|Any CPU
		Release|iPhone = Release|iPhone
		Release|iPhoneSimulator = Release|iPhoneSimulator
	EndGlobalSection
	GlobalSection(ProjectConfigurationPlatforms) = postSolution
		{01EC629F-DCCD-42B8-A70C-089D2E7AE6EB}.Debug|Any CPU.ActiveCfg = Debug|Any CPU
		{01EC629F-DCCD-42B8-A70C-089D2E7AE6EB}.Debug|Any CPU.Build.0 = Debug|Any CPU
		{01EC629F-DCCD-42B8-A70C-089D2E7AE6EB}.Debug|Any CPU.Deploy.0 = Debug|Any CPU
		{01EC629F-DCCD-42B8-A70C-089D2E7AE6EB}.Debug|iPhone.ActiveCfg = Debug|Any CPU
		{01EC629F-DCCD-42B8-A70C-089D2E7AE6EB}.Debug|iPhone.Build.0 = Debug|Any CPU
		{01EC629F-DCCD-42B8-A70C-089D2E7AE6EB}.Debug|iPhone.Deploy.0 = Debug|Any CPU
		{01EC629F-DCCD-42B8-A70C-089D2E7AE6EB}.Debug|iPhoneSimulator.ActiveCfg = Debug|Any CPU
		{01EC629F-DCCD-42B8-A70C-089D2E7AE6EB}.Debug|iPhoneSimulator.Build.0 = Debug|Any CPU
		{01EC629F-DCCD-42B8-A70C-089D2E7AE6EB}.Debug|iPhoneSimulator.Deploy.0 = Debug|Any CPU
		{01EC629F-DCCD-42B8-A70C-089D2E7AE6EB}.Release|Any CPU.ActiveCfg = Release|Any CPU
		{01EC629F-DCCD-42B8-A70C-089D2E7AE6EB}.Release|Any CPU.Build.0 = Release|Any CPU
		{01EC629F-DCCD-42B8-A70C-089D2E7AE6EB}.Release|Any CPU.Deploy.0 = Release|Any CPU
		{01EC629F-DCCD-42B8-A70C-089D2E7AE6EB}.Release|iPhone.ActiveCfg = Release|Any CPU
		{01EC629F-DCCD-42B8-A70C-089D2E7AE6EB}.Release|iPhone.Build.0 = Release|Any CPU
		{01EC629F-DCCD-42B8-A70C-089D2E7AE6EB}.Release|iPhone.Deploy.0 = Release|Any CPU
		{01EC629F-DCCD-42B8-A70C-089D2E7AE6EB}.Release|iPhoneSimulator.ActiveCfg = Release|Any CPU
		{01EC629F-DCCD-42B8-A70C-089D2E7AE6EB}.Release|iPhoneSimulator.Build.0 = Release|Any CPU
		{01EC629F-DCCD-42B8-A70C-089D2E7AE6EB}.Release|iPhoneSimulator.Deploy.0 = Release|Any CPU
		{B6E966A5-3909-412E-BE32-E5C96F816AC5}.Debug|Any CPU.ActiveCfg = Debug|iPhoneSimulator
		{B6E966A5-3909-412E-BE32-E5C96F816AC5}.Debug|Any CPU.Build.0 = Debug|iPhoneSimulator
		{B6E966A5-3909-412E-BE32-E5C96F816AC5}.Debug|Any CPU.Deploy.0 = Debug|iPhoneSimulator
		{B6E966A5-3909-412E-BE32-E5C96F816AC5}.Debug|iPhone.ActiveCfg = Debug|iPhone
		{B6E966A5-3909-412E-BE32-E5C96F816AC5}.Debug|iPhone.Build.0 = Debug|iPhone
		{B6E966A5-3909-412E-BE32-E5C96F816AC5}.Debug|iPhone.Deploy.0 = Debug|iPhone
		{B6E966A5-3909-412E-BE32-E5C96F816AC5}.Debug|iPhoneSimulator.ActiveCfg = Debug|iPhoneSimulator
		{B6E966A5-3909-412E-BE32-E5C96F816AC5}.Debug|iPhoneSimulator.Build.0 = Debug|iPhoneSimulator
		{B6E966A5-3909-412E-BE32-E5C96F816AC5}.Debug|iPhoneSimulator.Deploy.0 = Debug|iPhoneSimulator
		{B6E966A5-3909-412E-BE32-E5C96F816AC5}.Release|Any CPU.ActiveCfg = Release|iPhone
		{B6E966A5-3909-412E-BE32-E5C96F816AC5}.Release|Any CPU.Build.0 = Release|iPhone
		{B6E966A5-3909-412E-BE32-E5C96F816AC5}.Release|Any CPU.Deploy.0 = Release|iPhone
		{B6E966A5-3909-412E-BE32-E5C96F816AC5}.Release|iPhone.ActiveCfg = Release|iPhone
		{B6E966A5-3909-412E-BE32-E5C96F816AC5}.Release|iPhone.Build.0 = Release|iPhone
		{B6E966A5-3909-412E-BE32-E5C96F816AC5}.Release|iPhone.Deploy.0 = Release|iPhone
		{B6E966A5-3909-412E-BE32-E5C96F816AC5}.Release|iPhoneSimulator.ActiveCfg = Release|iPhoneSimulator
		{B6E966A5-3909-412E-BE32-E5C96F816AC5}.Release|iPhoneSimulator.Build.0 = Release|iPhoneSimulator
		{B6E966A5-3909-412E-BE32-E5C96F816AC5}.Release|iPhoneSimulator.Deploy.0 = Release|iPhoneSimulator
		{8EED76FC-256B-450B-9CFE-921FC542FD99}.Debug|Any CPU.ActiveCfg = Debug|Any CPU
		{8EED76FC-256B-450B-9CFE-921FC542FD99}.Debug|Any CPU.Build.0 = Debug|Any CPU
		{8EED76FC-256B-450B-9CFE-921FC542FD99}.Debug|Any CPU.Deploy.0 = Debug|Any CPU
		{8EED76FC-256B-450B-9CFE-921FC542FD99}.Debug|iPhone.ActiveCfg = Debug|Any CPU
		{8EED76FC-256B-450B-9CFE-921FC542FD99}.Debug|iPhone.Build.0 = Debug|Any CPU
		{8EED76FC-256B-450B-9CFE-921FC542FD99}.Debug|iPhone.Deploy.0 = Debug|Any CPU
		{8EED76FC-256B-450B-9CFE-921FC542FD99}.Debug|iPhoneSimulator.ActiveCfg = Debug|Any CPU
		{8EED76FC-256B-450B-9CFE-921FC542FD99}.Debug|iPhoneSimulator.Build.0 = Debug|Any CPU
		{8EED76FC-256B-450B-9CFE-921FC542FD99}.Debug|iPhoneSimulator.Deploy.0 = Debug|Any CPU
		{8EED76FC-256B-450B-9CFE-921FC542FD99}.Release|Any CPU.ActiveCfg = Release|Any CPU
		{8EED76FC-256B-450B-9CFE-921FC542FD99}.Release|Any CPU.Build.0 = Release|Any CPU
		{8EED76FC-256B-450B-9CFE-921FC542FD99}.Release|Any CPU.Deploy.0 = Release|Any CPU
		{8EED76FC-256B-450B-9CFE-921FC542FD99}.Release|iPhone.ActiveCfg = Release|Any CPU
		{8EED76FC-256B-450B-9CFE-921FC542FD99}.Release|iPhone.Build.0 = Release|Any CPU
		{8EED76FC-256B-450B-9CFE-921FC542FD99}.Release|iPhone.Deploy.0 = Release|Any CPU
		{8EED76FC-256B-450B-9CFE-921FC542FD99}.Release|iPhoneSimulator.ActiveCfg = Release|Any CPU
		{8EED76FC-256B-450B-9CFE-921FC542FD99}.Release|iPhoneSimulator.Build.0 = Release|Any CPU
		{8EED76FC-256B-450B-9CFE-921FC542FD99}.Release|iPhoneSimulator.Deploy.0 = Release|Any CPU
	EndGlobalSection
	GlobalSection(SolutionProperties) = preSolution
		HideSolutionNode = FALSE
	EndGlobalSection
	GlobalSection(ExtensibilityGlobals) = postSolution
		SolutionGuid = {F33E4BF5-73FE-4C24-992F-3B24892FD106}
	EndGlobalSection
EndGlobal
